// !$*UTF8*$!
{
	archiveVersion = 1;
	classes = {
	};
	objectVersion = 46;
	objects = {

/* Begin PBXBuildFile section */
		163EE4B11CB423290025581D /* RegexKitLite.m in Sources */ = {isa = PBXBuildFile; fileRef = 163EE4B01CB423290025581D /* RegexKitLite.m */; settings = {COMPILER_FLAGS = "-fno-objc-arc"; }; };
		166464951CB59C9B001667D7 /* Assets.xcassets in Resources */ = {isa = PBXBuildFile; fileRef = 166464941CB59C9B001667D7 /* Assets.xcassets */; };
		166464CD1CB59D7F001667D7 /* dy001.png in Resources */ = {isa = PBXBuildFile; fileRef = 166464971CB59D7E001667D7 /* dy001.png */; };
		166464CE1CB59D7F001667D7 /* dy002.png in Resources */ = {isa = PBXBuildFile; fileRef = 166464981CB59D7E001667D7 /* dy002.png */; };
		166464CF1CB59D7F001667D7 /* dy003.png in Resources */ = {isa = PBXBuildFile; fileRef = 166464991CB59D7E001667D7 /* dy003.png */; };
		166464D01CB59D7F001667D7 /* dy004.png in Resources */ = {isa = PBXBuildFile; fileRef = 1664649A1CB59D7E001667D7 /* dy004.png */; };
		166464D11CB59D7F001667D7 /* dy005.png in Resources */ = {isa = PBXBuildFile; fileRef = 1664649B1CB59D7E001667D7 /* dy005.png */; };
		166464D21CB59D7F001667D7 /* dy006.png in Resources */ = {isa = PBXBuildFile; fileRef = 1664649C1CB59D7E001667D7 /* dy006.png */; };
		166464D31CB59D7F001667D7 /* dy007.png in Resources */ = {isa = PBXBuildFile; fileRef = 1664649D1CB59D7E001667D7 /* dy007.png */; };
		166464D41CB59D7F001667D7 /* dy008.png in Resources */ = {isa = PBXBuildFile; fileRef = 1664649E1CB59D7E001667D7 /* dy008.png */; };
		166464D51CB59D7F001667D7 /* dy009.png in Resources */ = {isa = PBXBuildFile; fileRef = 1664649F1CB59D7E001667D7 /* dy009.png */; };
		166464D61CB59D7F001667D7 /* dy010.png in Resources */ = {isa = PBXBuildFile; fileRef = 166464A01CB59D7E001667D7 /* dy010.png */; };
		166464D71CB59D7F001667D7 /* dy011.png in Resources */ = {isa = PBXBuildFile; fileRef = 166464A11CB59D7E001667D7 /* dy011.png */; };
		166464D81CB59D7F001667D7 /* dy012.png in Resources */ = {isa = PBXBuildFile; fileRef = 166464A21CB59D7E001667D7 /* dy012.png */; };
		166464D91CB59D7F001667D7 /* dy013.png in Resources */ = {isa = PBXBuildFile; fileRef = 166464A31CB59D7E001667D7 /* dy013.png */; };
		166464DA1CB59D7F001667D7 /* dy014.png in Resources */ = {isa = PBXBuildFile; fileRef = 166464A41CB59D7E001667D7 /* dy014.png */; };
		166464DB1CB59D7F001667D7 /* dy015.png in Resources */ = {isa = PBXBuildFile; fileRef = 166464A51CB59D7E001667D7 /* dy015.png */; };
		166464DC1CB59D7F001667D7 /* dy016.png in Resources */ = {isa = PBXBuildFile; fileRef = 166464A61CB59D7E001667D7 /* dy016.png */; };
		166464DD1CB59D7F001667D7 /* dy017.png in Resources */ = {isa = PBXBuildFile; fileRef = 166464A71CB59D7E001667D7 /* dy017.png */; };
		166464DE1CB59D7F001667D7 /* dy101.png in Resources */ = {isa = PBXBuildFile; fileRef = 166464A81CB59D7E001667D7 /* dy101.png */; };
		166464DF1CB59D7F001667D7 /* dy102.png in Resources */ = {isa = PBXBuildFile; fileRef = 166464A91CB59D7E001667D7 /* dy102.png */; };
		166464E01CB59D7F001667D7 /* dy103.png in Resources */ = {isa = PBXBuildFile; fileRef = 166464AA1CB59D7E001667D7 /* dy103.png */; };
		166464E11CB59D7F001667D7 /* dy104.png in Resources */ = {isa = PBXBuildFile; fileRef = 166464AB1CB59D7E001667D7 /* dy104.png */; };
		166464E21CB59D7F001667D7 /* dy105.png in Resources */ = {isa = PBXBuildFile; fileRef = 166464AC1CB59D7E001667D7 /* dy105.png */; };
		166464E31CB59D7F001667D7 /* dy106.png in Resources */ = {isa = PBXBuildFile; fileRef = 166464AD1CB59D7E001667D7 /* dy106.png */; };
		166464E41CB59D7F001667D7 /* dy107.png in Resources */ = {isa = PBXBuildFile; fileRef = 166464AE1CB59D7E001667D7 /* dy107.png */; };
		166464E51CB59D7F001667D7 /* dy108.png in Resources */ = {isa = PBXBuildFile; fileRef = 166464AF1CB59D7E001667D7 /* dy108.png */; };
		166464E61CB59D7F001667D7 /* dy109.png in Resources */ = {isa = PBXBuildFile; fileRef = 166464B01CB59D7E001667D7 /* dy109.png */; };
		166464E71CB59D7F001667D7 /* dy110.png in Resources */ = {isa = PBXBuildFile; fileRef = 166464B11CB59D7E001667D7 /* dy110.png */; };
		166464E81CB59D7F001667D7 /* dy111.png in Resources */ = {isa = PBXBuildFile; fileRef = 166464B21CB59D7E001667D7 /* dy111.png */; };
		166464E91CB59D7F001667D7 /* dy112.png in Resources */ = {isa = PBXBuildFile; fileRef = 166464B31CB59D7E001667D7 /* dy112.png */; };
		166464EA1CB59D7F001667D7 /* dy113.png in Resources */ = {isa = PBXBuildFile; fileRef = 166464B41CB59D7E001667D7 /* dy113.png */; };
		166464EB1CB59D7F001667D7 /* dy114.png in Resources */ = {isa = PBXBuildFile; fileRef = 166464B51CB59D7E001667D7 /* dy114.png */; };
		166464EC1CB59D7F001667D7 /* dy115.png in Resources */ = {isa = PBXBuildFile; fileRef = 166464B61CB59D7E001667D7 /* dy115.png */; };
		166464ED1CB59D7F001667D7 /* dy116.png in Resources */ = {isa = PBXBuildFile; fileRef = 166464B71CB59D7E001667D7 /* dy116.png */; };
		166464EE1CB59D7F001667D7 /* dy117.png in Resources */ = {isa = PBXBuildFile; fileRef = 166464B81CB59D7E001667D7 /* dy117.png */; };
		166464EF1CB59D7F001667D7 /* dy118.png in Resources */ = {isa = PBXBuildFile; fileRef = 166464B91CB59D7E001667D7 /* dy118.png */; };
		166464F01CB59D7F001667D7 /* dy119.png in Resources */ = {isa = PBXBuildFile; fileRef = 166464BA1CB59D7E001667D7 /* dy119.png */; };
		166464F11CB59D7F001667D7 /* dy120.png in Resources */ = {isa = PBXBuildFile; fileRef = 166464BB1CB59D7E001667D7 /* dy120.png */; };
		166464F21CB59D7F001667D7 /* dy121.png in Resources */ = {isa = PBXBuildFile; fileRef = 166464BC1CB59D7E001667D7 /* dy121.png */; };
		166464F31CB59D7F001667D7 /* dy122.png in Resources */ = {isa = PBXBuildFile; fileRef = 166464BD1CB59D7E001667D7 /* dy122.png */; };
		166464F41CB59D7F001667D7 /* dy123.png in Resources */ = {isa = PBXBuildFile; fileRef = 166464BE1CB59D7E001667D7 /* dy123.png */; };
		166464F51CB59D7F001667D7 /* dy124.png in Resources */ = {isa = PBXBuildFile; fileRef = 166464BF1CB59D7E001667D7 /* dy124.png */; };
		166464F61CB59D7F001667D7 /* dy125.png in Resources */ = {isa = PBXBuildFile; fileRef = 166464C01CB59D7E001667D7 /* dy125.png */; };
		166464F71CB59D7F001667D7 /* dy126.png in Resources */ = {isa = PBXBuildFile; fileRef = 166464C11CB59D7E001667D7 /* dy126.png */; };
		166464F81CB59D7F001667D7 /* dy127.png in Resources */ = {isa = PBXBuildFile; fileRef = 166464C21CB59D7F001667D7 /* dy127.png */; };
		166464F91CB59D7F001667D7 /* dy128.png in Resources */ = {isa = PBXBuildFile; fileRef = 166464C31CB59D7F001667D7 /* dy128.png */; };
		166464FA1CB59D7F001667D7 /* dy129.png in Resources */ = {isa = PBXBuildFile; fileRef = 166464C41CB59D7F001667D7 /* dy129.png */; };
		166464FB1CB59D7F001667D7 /* dy130.png in Resources */ = {isa = PBXBuildFile; fileRef = 166464C51CB59D7F001667D7 /* dy130.png */; };
		166464FC1CB59D7F001667D7 /* dy131.png in Resources */ = {isa = PBXBuildFile; fileRef = 166464C61CB59D7F001667D7 /* dy131.png */; };
		166464FD1CB59D7F001667D7 /* dy132.png in Resources */ = {isa = PBXBuildFile; fileRef = 166464C71CB59D7F001667D7 /* dy132.png */; };
		166464FE1CB59D7F001667D7 /* dy133.png in Resources */ = {isa = PBXBuildFile; fileRef = 166464C81CB59D7F001667D7 /* dy133.png */; };
		166464FF1CB59D7F001667D7 /* dy134.png in Resources */ = {isa = PBXBuildFile; fileRef = 166464C91CB59D7F001667D7 /* dy134.png */; };
		166465001CB59D7F001667D7 /* dy135.png in Resources */ = {isa = PBXBuildFile; fileRef = 166464CA1CB59D7F001667D7 /* dy135.png */; };
		166465011CB59D7F001667D7 /* dy136.png in Resources */ = {isa = PBXBuildFile; fileRef = 166464CB1CB59D7F001667D7 /* dy136.png */; };
		166465021CB59D7F001667D7 /* dy137.png in Resources */ = {isa = PBXBuildFile; fileRef = 166464CC1CB59D7F001667D7 /* dy137.png */; };
		1681E31F1C9EDF96006EE67F /* DetailView.xib in Resources */ = {isa = PBXBuildFile; fileRef = 1681E31E1C9EDF96006EE67F /* DetailView.xib */; };
		16963DC91C9AC01500EDCBBF /* RoomDetailModel.m in Sources */ = {isa = PBXBuildFile; fileRef = 16963DC81C9AC01500EDCBBF /* RoomDetailModel.m */; };
		16A4741A1C9805D20020AF34 /* MyDataService.m in Sources */ = {isa = PBXBuildFile; fileRef = 16A474191C9805D20020AF34 /* MyDataService.m */; };
		16A4741F1C9824B00020AF34 /* DetailView.m in Sources */ = {isa = PBXBuildFile; fileRef = 16A4741E1C9824B00020AF34 /* DetailView.m */; };
		16A474221C9846980020AF34 /* DanmuViewController.m in Sources */ = {isa = PBXBuildFile; fileRef = 16A474211C9846980020AF34 /* DanmuViewController.m */; };
		16CD88241C9EB35D007A3557 /* DanmuTableView.m in Sources */ = {isa = PBXBuildFile; fileRef = 16CD88231C9EB35D007A3557 /* DanmuTableView.m */; };
		16CD882D1C9EB58D007A3557 /* GiftTableView.m in Sources */ = {isa = PBXBuildFile; fileRef = 16CD882C1C9EB58D007A3557 /* GiftTableView.m */; };
		16D91FCD1C86DF3600EDBA02 /* AuthSocket.m in Sources */ = {isa = PBXBuildFile; fileRef = 16D91FCC1C86DF3600EDBA02 /* AuthSocket.m */; };
		16D91FD01C87544000EDBA02 /* DanmuSocket.m in Sources */ = {isa = PBXBuildFile; fileRef = 16D91FCF1C87544000EDBA02 /* DanmuSocket.m */; };
		16E6D9C71C80819A005B17EF /* main.m in Sources */ = {isa = PBXBuildFile; fileRef = 16E6D9C61C80819A005B17EF /* main.m */; };
		16E6D9CA1C80819A005B17EF /* AppDelegate.m in Sources */ = {isa = PBXBuildFile; fileRef = 16E6D9C91C80819A005B17EF /* AppDelegate.m */; };
		16E6D9CD1C80819A005B17EF /* ViewController.m in Sources */ = {isa = PBXBuildFile; fileRef = 16E6D9CC1C80819A005B17EF /* ViewController.m */; };
		16E6D9D01C80819A005B17EF /* Main.storyboard in Resources */ = {isa = PBXBuildFile; fileRef = 16E6D9CE1C80819A005B17EF /* Main.storyboard */; };
		16E6D9D51C80819A005B17EF /* LaunchScreen.storyboard in Resources */ = {isa = PBXBuildFile; fileRef = 16E6D9D31C80819A005B17EF /* LaunchScreen.storyboard */; };
		16E6D9E01C80819A005B17EF /* DouyuTVDammuTests.m in Sources */ = {isa = PBXBuildFile; fileRef = 16E6D9DF1C80819A005B17EF /* DouyuTVDammuTests.m */; };
		16E6D9EB1C80819A005B17EF /* DouyuTVDammuUITests.m in Sources */ = {isa = PBXBuildFile; fileRef = 16E6D9EA1C80819A005B17EF /* DouyuTVDammuUITests.m */; };
		16E6DA021C808639005B17EF /* DouyuTVSocket.m in Sources */ = {isa = PBXBuildFile; fileRef = 16E6DA011C808639005B17EF /* DouyuTVSocket.m */; };
		16E6DA051C808AD1005B17EF /* ServerModel.m in Sources */ = {isa = PBXBuildFile; fileRef = 16E6DA041C808AD1005B17EF /* ServerModel.m */; };
		16E6DA111C80AB9A005B17EF /* NSString+InfoGet.m in Sources */ = {isa = PBXBuildFile; fileRef = 16E6DA101C80AB9A005B17EF /* NSString+InfoGet.m */; };
		16EDBFDD1C94556800415C8A /* DanmuModel.m in Sources */ = {isa = PBXBuildFile; fileRef = 16EDBFDC1C94556800415C8A /* DanmuModel.m */; };
		16EDBFE01C94559600415C8A /* DanmuCell.m in Sources */ = {isa = PBXBuildFile; fileRef = 16EDBFDF1C94559600415C8A /* DanmuCell.m */; };
		16F262B01CA146570062890B /* SearchView.xib in Resources */ = {isa = PBXBuildFile; fileRef = 16F262AF1CA146570062890B /* SearchView.xib */; };
		16F262B31CA14E840062890B /* SearchView.m in Sources */ = {isa = PBXBuildFile; fileRef = 16F262B21CA14E840062890B /* SearchView.m */; };
		55A44DE62DF20C6F7A0DBF72 /* libPods.a in Frameworks */ = {isa = PBXBuildFile; fileRef = 91A491E04D65F23FF5072CB8 /* libPods.a */; };
/* End PBXBuildFile section */

/* Begin PBXContainerItemProxy section */
		16E6D9DC1C80819A005B17EF /* PBXContainerItemProxy */ = {
			isa = PBXContainerItemProxy;
			containerPortal = 16E6D9BA1C80819A005B17EF /* Project object */;
			proxyType = 1;
			remoteGlobalIDString = 16E6D9C11C80819A005B17EF;
			remoteInfo = DouyuTVDammu;
		};
		16E6D9E71C80819A005B17EF /* PBXContainerItemProxy */ = {
			isa = PBXContainerItemProxy;
			containerPortal = 16E6D9BA1C80819A005B17EF /* Project object */;
			proxyType = 1;
			remoteGlobalIDString = 16E6D9C11C80819A005B17EF;
			remoteInfo = DouyuTVDammu;
		};
/* End PBXContainerItemProxy section */

/* Begin PBXFileReference section */
		163EE4AF1CB423290025581D /* RegexKitLite.h */ = {isa = PBXFileReference; fileEncoding = 4; lastKnownFileType = sourcecode.c.h; path = RegexKitLite.h; sourceTree = "<group>"; };
		163EE4B01CB423290025581D /* RegexKitLite.m */ = {isa = PBXFileReference; fileEncoding = 4; lastKnownFileType = sourcecode.c.objc; path = RegexKitLite.m; sourceTree = "<group>"; };
		166464941CB59C9B001667D7 /* Assets.xcassets */ = {isa = PBXFileReference; lastKnownFileType = folder.assetcatalog; path = Assets.xcassets; sourceTree = "<group>"; };
		166464971CB59D7E001667D7 /* dy001.png */ = {isa = PBXFileReference; lastKnownFileType = image.png; path = dy001.png; sourceTree = "<group>"; };
		166464981CB59D7E001667D7 /* dy002.png */ = {isa = PBXFileReference; lastKnownFileType = image.png; path = dy002.png; sourceTree = "<group>"; };
		166464991CB59D7E001667D7 /* dy003.png */ = {isa = PBXFileReference; lastKnownFileType = image.png; path = dy003.png; sourceTree = "<group>"; };
		1664649A1CB59D7E001667D7 /* dy004.png */ = {isa = PBXFileReference; lastKnownFileType = image.png; path = dy004.png; sourceTree = "<group>"; };
		1664649B1CB59D7E001667D7 /* dy005.png */ = {isa = PBXFileReference; lastKnownFileType = image.png; path = dy005.png; sourceTree = "<group>"; };
		1664649C1CB59D7E001667D7 /* dy006.png */ = {isa = PBXFileReference; lastKnownFileType = image.png; path = dy006.png; sourceTree = "<group>"; };
		1664649D1CB59D7E001667D7 /* dy007.png */ = {isa = PBXFileReference; lastKnownFileType = image.png; path = dy007.png; sourceTree = "<group>"; };
		1664649E1CB59D7E001667D7 /* dy008.png */ = {isa = PBXFileReference; lastKnownFileType = image.png; path = dy008.png; sourceTree = "<group>"; };
		1664649F1CB59D7E001667D7 /* dy009.png */ = {isa = PBXFileReference; lastKnownFileType = image.png; path = dy009.png; sourceTree = "<group>"; };
		166464A01CB59D7E001667D7 /* dy010.png */ = {isa = PBXFileReference; lastKnownFileType = image.png; path = dy010.png; sourceTree = "<group>"; };
		166464A11CB59D7E001667D7 /* dy011.png */ = {isa = PBXFileReference; lastKnownFileType = image.png; path = dy011.png; sourceTree = "<group>"; };
		166464A21CB59D7E001667D7 /* dy012.png */ = {isa = PBXFileReference; lastKnownFileType = image.png; path = dy012.png; sourceTree = "<group>"; };
		166464A31CB59D7E001667D7 /* dy013.png */ = {isa = PBXFileReference; lastKnownFileType = image.png; path = dy013.png; sourceTree = "<group>"; };
		166464A41CB59D7E001667D7 /* dy014.png */ = {isa = PBXFileReference; lastKnownFileType = image.png; path = dy014.png; sourceTree = "<group>"; };
		166464A51CB59D7E001667D7 /* dy015.png */ = {isa = PBXFileReference; lastKnownFileType = image.png; path = dy015.png; sourceTree = "<group>"; };
		166464A61CB59D7E001667D7 /* dy016.png */ = {isa = PBXFileReference; lastKnownFileType = image.png; path = dy016.png; sourceTree = "<group>"; };
		166464A71CB59D7E001667D7 /* dy017.png */ = {isa = PBXFileReference; lastKnownFileType = image.png; path = dy017.png; sourceTree = "<group>"; };
		166464A81CB59D7E001667D7 /* dy101.png */ = {isa = PBXFileReference; lastKnownFileType = image.png; path = dy101.png; sourceTree = "<group>"; };
		166464A91CB59D7E001667D7 /* dy102.png */ = {isa = PBXFileReference; lastKnownFileType = image.png; path = dy102.png; sourceTree = "<group>"; };
		166464AA1CB59D7E001667D7 /* dy103.png */ = {isa = PBXFileReference; lastKnownFileType = image.png; path = dy103.png; sourceTree = "<group>"; };
		166464AB1CB59D7E001667D7 /* dy104.png */ = {isa = PBXFileReference; lastKnownFileType = image.png; path = dy104.png; sourceTree = "<group>"; };
		166464AC1CB59D7E001667D7 /* dy105.png */ = {isa = PBXFileReference; lastKnownFileType = image.png; path = dy105.png; sourceTree = "<group>"; };
		166464AD1CB59D7E001667D7 /* dy106.png */ = {isa = PBXFileReference; lastKnownFileType = image.png; path = dy106.png; sourceTree = "<group>"; };
		166464AE1CB59D7E001667D7 /* dy107.png */ = {isa = PBXFileReference; lastKnownFileType = image.png; path = dy107.png; sourceTree = "<group>"; };
		166464AF1CB59D7E001667D7 /* dy108.png */ = {isa = PBXFileReference; lastKnownFileType = image.png; path = dy108.png; sourceTree = "<group>"; };
		166464B01CB59D7E001667D7 /* dy109.png */ = {isa = PBXFileReference; lastKnownFileType = image.png; path = dy109.png; sourceTree = "<group>"; };
		166464B11CB59D7E001667D7 /* dy110.png */ = {isa = PBXFileReference; lastKnownFileType = image.png; path = dy110.png; sourceTree = "<group>"; };
		166464B21CB59D7E001667D7 /* dy111.png */ = {isa = PBXFileReference; lastKnownFileType = image.png; path = dy111.png; sourceTree = "<group>"; };
		166464B31CB59D7E001667D7 /* dy112.png */ = {isa = PBXFileReference; lastKnownFileType = image.png; path = dy112.png; sourceTree = "<group>"; };
		166464B41CB59D7E001667D7 /* dy113.png */ = {isa = PBXFileReference; lastKnownFileType = image.png; path = dy113.png; sourceTree = "<group>"; };
		166464B51CB59D7E001667D7 /* dy114.png */ = {isa = PBXFileReference; lastKnownFileType = image.png; path = dy114.png; sourceTree = "<group>"; };
		166464B61CB59D7E001667D7 /* dy115.png */ = {isa = PBXFileReference; lastKnownFileType = image.png; path = dy115.png; sourceTree = "<group>"; };
		166464B71CB59D7E001667D7 /* dy116.png */ = {isa = PBXFileReference; lastKnownFileType = image.png; path = dy116.png; sourceTree = "<group>"; };
		166464B81CB59D7E001667D7 /* dy117.png */ = {isa = PBXFileReference; lastKnownFileType = image.png; path = dy117.png; sourceTree = "<group>"; };
		166464B91CB59D7E001667D7 /* dy118.png */ = {isa = PBXFileReference; lastKnownFileType = image.png; path = dy118.png; sourceTree = "<group>"; };
		166464BA1CB59D7E001667D7 /* dy119.png */ = {isa = PBXFileReference; lastKnownFileType = image.png; path = dy119.png; sourceTree = "<group>"; };
		166464BB1CB59D7E001667D7 /* dy120.png */ = {isa = PBXFileReference; lastKnownFileType = image.png; path = dy120.png; sourceTree = "<group>"; };
		166464BC1CB59D7E001667D7 /* dy121.png */ = {isa = PBXFileReference; lastKnownFileType = image.png; path = dy121.png; sourceTree = "<group>"; };
		166464BD1CB59D7E001667D7 /* dy122.png */ = {isa = PBXFileReference; lastKnownFileType = image.png; path = dy122.png; sourceTree = "<group>"; };
		166464BE1CB59D7E001667D7 /* dy123.png */ = {isa = PBXFileReference; lastKnownFileType = image.png; path = dy123.png; sourceTree = "<group>"; };
		166464BF1CB59D7E001667D7 /* dy124.png */ = {isa = PBXFileReference; lastKnownFileType = image.png; path = dy124.png; sourceTree = "<group>"; };
		166464C01CB59D7E001667D7 /* dy125.png */ = {isa = PBXFileReference; lastKnownFileType = image.png; path = dy125.png; sourceTree = "<group>"; };
		166464C11CB59D7E001667D7 /* dy126.png */ = {isa = PBXFileReference; lastKnownFileType = image.png; path = dy126.png; sourceTree = "<group>"; };
		166464C21CB59D7F001667D7 /* dy127.png */ = {isa = PBXFileReference; lastKnownFileType = image.png; path = dy127.png; sourceTree = "<group>"; };
		166464C31CB59D7F001667D7 /* dy128.png */ = {isa = PBXFileReference; lastKnownFileType = image.png; path = dy128.png; sourceTree = "<group>"; };
		166464C41CB59D7F001667D7 /* dy129.png */ = {isa = PBXFileReference; lastKnownFileType = image.png; path = dy129.png; sourceTree = "<group>"; };
		166464C51CB59D7F001667D7 /* dy130.png */ = {isa = PBXFileReference; lastKnownFileType = image.png; path = dy130.png; sourceTree = "<group>"; };
		166464C61CB59D7F001667D7 /* dy131.png */ = {isa = PBXFileReference; lastKnownFileType = image.png; path = dy131.png; sourceTree = "<group>"; };
		166464C71CB59D7F001667D7 /* dy132.png */ = {isa = PBXFileReference; lastKnownFileType = image.png; path = dy132.png; sourceTree = "<group>"; };
		166464C81CB59D7F001667D7 /* dy133.png */ = {isa = PBXFileReference; lastKnownFileType = image.png; path = dy133.png; sourceTree = "<group>"; };
		166464C91CB59D7F001667D7 /* dy134.png */ = {isa = PBXFileReference; lastKnownFileType = image.png; path = dy134.png; sourceTree = "<group>"; };
		166464CA1CB59D7F001667D7 /* dy135.png */ = {isa = PBXFileReference; lastKnownFileType = image.png; path = dy135.png; sourceTree = "<group>"; };
		166464CB1CB59D7F001667D7 /* dy136.png */ = {isa = PBXFileReference; lastKnownFileType = image.png; path = dy136.png; sourceTree = "<group>"; };
		166464CC1CB59D7F001667D7 /* dy137.png */ = {isa = PBXFileReference; lastKnownFileType = image.png; path = dy137.png; sourceTree = "<group>"; };
		167E51791CA31F4A00F478A0 /* PrefixHeader.pch */ = {isa = PBXFileReference; lastKnownFileType = sourcecode.c.h; path = PrefixHeader.pch; sourceTree = "<group>"; };
		1681E31E1C9EDF96006EE67F /* DetailView.xib */ = {isa = PBXFileReference; fileEncoding = 4; lastKnownFileType = file.xib; path = DetailView.xib; sourceTree = "<group>"; };
		16963DC71C9AC01500EDCBBF /* RoomDetailModel.h */ = {isa = PBXFileReference; fileEncoding = 4; lastKnownFileType = sourcecode.c.h; path = RoomDetailModel.h; sourceTree = "<group>"; };
		16963DC81C9AC01500EDCBBF /* RoomDetailModel.m */ = {isa = PBXFileReference; fileEncoding = 4; lastKnownFileType = sourcecode.c.objc; path = RoomDetailModel.m; sourceTree = "<group>"; };
		16A474181C9805D20020AF34 /* MyDataService.h */ = {isa = PBXFileReference; fileEncoding = 4; lastKnownFileType = sourcecode.c.h; path = MyDataService.h; sourceTree = "<group>"; };
		16A474191C9805D20020AF34 /* MyDataService.m */ = {isa = PBXFileReference; fileEncoding = 4; lastKnownFileType = sourcecode.c.objc; path = MyDataService.m; sourceTree = "<group>"; };
		16A4741D1C9824B00020AF34 /* DetailView.h */ = {isa = PBXFileReference; fileEncoding = 4; lastKnownFileType = sourcecode.c.h; path = DetailView.h; sourceTree = "<group>"; };
		16A4741E1C9824B00020AF34 /* DetailView.m */ = {isa = PBXFileReference; fileEncoding = 4; lastKnownFileType = sourcecode.c.objc; path = DetailView.m; sourceTree = "<group>"; };
		16A474201C9846980020AF34 /* DanmuViewController.h */ = {isa = PBXFileReference; fileEncoding = 4; lastKnownFileType = sourcecode.c.h; path = DanmuViewController.h; sourceTree = "<group>"; };
		16A474211C9846980020AF34 /* DanmuViewController.m */ = {isa = PBXFileReference; fileEncoding = 4; lastKnownFileType = sourcecode.c.objc; path = DanmuViewController.m; sourceTree = "<group>"; };
		16CD88221C9EB35D007A3557 /* DanmuTableView.h */ = {isa = PBXFileReference; fileEncoding = 4; lastKnownFileType = sourcecode.c.h; path = DanmuTableView.h; sourceTree = "<group>"; };
		16CD88231C9EB35D007A3557 /* DanmuTableView.m */ = {isa = PBXFileReference; fileEncoding = 4; lastKnownFileType = sourcecode.c.objc; path = DanmuTableView.m; sourceTree = "<group>"; };
		16CD882B1C9EB58D007A3557 /* GiftTableView.h */ = {isa = PBXFileReference; fileEncoding = 4; lastKnownFileType = sourcecode.c.h; path = GiftTableView.h; sourceTree = "<group>"; };
		16CD882C1C9EB58D007A3557 /* GiftTableView.m */ = {isa = PBXFileReference; fileEncoding = 4; lastKnownFileType = sourcecode.c.objc; path = GiftTableView.m; sourceTree = "<group>"; };
		16D91FCB1C86DF3600EDBA02 /* AuthSocket.h */ = {isa = PBXFileReference; fileEncoding = 4; lastKnownFileType = sourcecode.c.h; path = AuthSocket.h; sourceTree = "<group>"; };
		16D91FCC1C86DF3600EDBA02 /* AuthSocket.m */ = {isa = PBXFileReference; fileEncoding = 4; lastKnownFileType = sourcecode.c.objc; path = AuthSocket.m; sourceTree = "<group>"; };
		16D91FCE1C87544000EDBA02 /* DanmuSocket.h */ = {isa = PBXFileReference; fileEncoding = 4; lastKnownFileType = sourcecode.c.h; path = DanmuSocket.h; sourceTree = "<group>"; };
		16D91FCF1C87544000EDBA02 /* DanmuSocket.m */ = {isa = PBXFileReference; fileEncoding = 4; lastKnownFileType = sourcecode.c.objc; path = DanmuSocket.m; sourceTree = "<group>"; };
		16E6D9C21C80819A005B17EF /* DouyuTVDammuAssistant.app */ = {isa = PBXFileReference; explicitFileType = wrapper.application; includeInIndex = 0; path = DouyuTVDammuAssistant.app; sourceTree = BUILT_PRODUCTS_DIR; };
		16E6D9C61C80819A005B17EF /* main.m */ = {isa = PBXFileReference; lastKnownFileType = sourcecode.c.objc; path = main.m; sourceTree = "<group>"; };
		16E6D9C81C80819A005B17EF /* AppDelegate.h */ = {isa = PBXFileReference; lastKnownFileType = sourcecode.c.h; path = AppDelegate.h; sourceTree = "<group>"; };
		16E6D9C91C80819A005B17EF /* AppDelegate.m */ = {isa = PBXFileReference; lastKnownFileType = sourcecode.c.objc; path = AppDelegate.m; sourceTree = "<group>"; };
		16E6D9CB1C80819A005B17EF /* ViewController.h */ = {isa = PBXFileReference; lastKnownFileType = sourcecode.c.h; path = ViewController.h; sourceTree = "<group>"; };
		16E6D9CC1C80819A005B17EF /* ViewController.m */ = {isa = PBXFileReference; lastKnownFileType = sourcecode.c.objc; path = ViewController.m; sourceTree = "<group>"; };
		16E6D9CF1C80819A005B17EF /* Base */ = {isa = PBXFileReference; lastKnownFileType = file.storyboard; name = Base; path = Base.lproj/Main.storyboard; sourceTree = "<group>"; };
		16E6D9D41C80819A005B17EF /* Base */ = {isa = PBXFileReference; lastKnownFileType = file.storyboard; name = Base; path = Base.lproj/LaunchScreen.storyboard; sourceTree = "<group>"; };
		16E6D9D61C80819A005B17EF /* Info.plist */ = {isa = PBXFileReference; lastKnownFileType = text.plist.xml; path = Info.plist; sourceTree = "<group>"; };
		16E6D9DB1C80819A005B17EF /* DouyuTVDammuAssistant.xctest */ = {isa = PBXFileReference; explicitFileType = wrapper.cfbundle; includeInIndex = 0; path = DouyuTVDammuAssistant.xctest; sourceTree = BUILT_PRODUCTS_DIR; };
		16E6D9DF1C80819A005B17EF /* DouyuTVDammuTests.m */ = {isa = PBXFileReference; lastKnownFileType = sourcecode.c.objc; path = DouyuTVDammuTests.m; sourceTree = "<group>"; };
		16E6D9E11C80819A005B17EF /* Info.plist */ = {isa = PBXFileReference; lastKnownFileType = text.plist.xml; path = Info.plist; sourceTree = "<group>"; };
		16E6D9E61C80819A005B17EF /* DouyuTVDammuAssistant.xctest */ = {isa = PBXFileReference; explicitFileType = wrapper.cfbundle; includeInIndex = 0; path = DouyuTVDammuAssistant.xctest; sourceTree = BUILT_PRODUCTS_DIR; };
		16E6D9EA1C80819A005B17EF /* DouyuTVDammuUITests.m */ = {isa = PBXFileReference; lastKnownFileType = sourcecode.c.objc; path = DouyuTVDammuUITests.m; sourceTree = "<group>"; };
		16E6D9EC1C80819A005B17EF /* Info.plist */ = {isa = PBXFileReference; lastKnownFileType = text.plist.xml; path = Info.plist; sourceTree = "<group>"; };
		16E6DA001C808639005B17EF /* DouyuTVSocket.h */ = {isa = PBXFileReference; fileEncoding = 4; lastKnownFileType = sourcecode.c.h; path = DouyuTVSocket.h; sourceTree = "<group>"; };
		16E6DA011C808639005B17EF /* DouyuTVSocket.m */ = {isa = PBXFileReference; fileEncoding = 4; lastKnownFileType = sourcecode.c.objc; path = DouyuTVSocket.m; sourceTree = "<group>"; };
		16E6DA031C808AD1005B17EF /* ServerModel.h */ = {isa = PBXFileReference; fileEncoding = 4; lastKnownFileType = sourcecode.c.h; path = ServerModel.h; sourceTree = "<group>"; };
		16E6DA041C808AD1005B17EF /* ServerModel.m */ = {isa = PBXFileReference; fileEncoding = 4; lastKnownFileType = sourcecode.c.objc; path = ServerModel.m; sourceTree = "<group>"; };
		16E6DA0F1C80AB9A005B17EF /* NSString+InfoGet.h */ = {isa = PBXFileReference; fileEncoding = 4; lastKnownFileType = sourcecode.c.h; path = "NSString+InfoGet.h"; sourceTree = "<group>"; };
		16E6DA101C80AB9A005B17EF /* NSString+InfoGet.m */ = {isa = PBXFileReference; fileEncoding = 4; lastKnownFileType = sourcecode.c.objc; path = "NSString+InfoGet.m"; sourceTree = "<group>"; };
		16EDBFDB1C94556800415C8A /* DanmuModel.h */ = {isa = PBXFileReference; fileEncoding = 4; lastKnownFileType = sourcecode.c.h; path = DanmuModel.h; sourceTree = "<group>"; };
		16EDBFDC1C94556800415C8A /* DanmuModel.m */ = {isa = PBXFileReference; fileEncoding = 4; lastKnownFileType = sourcecode.c.objc; path = DanmuModel.m; sourceTree = "<group>"; };
		16EDBFDE1C94559600415C8A /* DanmuCell.h */ = {isa = PBXFileReference; fileEncoding = 4; lastKnownFileType = sourcecode.c.h; path = DanmuCell.h; sourceTree = "<group>"; };
		16EDBFDF1C94559600415C8A /* DanmuCell.m */ = {isa = PBXFileReference; fileEncoding = 4; lastKnownFileType = sourcecode.c.objc; path = DanmuCell.m; sourceTree = "<group>"; };
		16F262AF1CA146570062890B /* SearchView.xib */ = {isa = PBXFileReference; fileEncoding = 4; lastKnownFileType = file.xib; path = SearchView.xib; sourceTree = "<group>"; };
		16F262B11CA14E840062890B /* SearchView.h */ = {isa = PBXFileReference; fileEncoding = 4; lastKnownFileType = sourcecode.c.h; path = SearchView.h; sourceTree = "<group>"; };
		16F262B21CA14E840062890B /* SearchView.m */ = {isa = PBXFileReference; fileEncoding = 4; lastKnownFileType = sourcecode.c.objc; path = SearchView.m; sourceTree = "<group>"; };
		9194F94CAD65F2E5A3419EDF /* Pods.release.xcconfig */ = {isa = PBXFileReference; includeInIndex = 1; lastKnownFileType = text.xcconfig; name = Pods.release.xcconfig; path = "Pods/Target Support Files/Pods/Pods.release.xcconfig"; sourceTree = "<group>"; };
		91A491E04D65F23FF5072CB8 /* libPods.a */ = {isa = PBXFileReference; explicitFileType = archive.ar; includeInIndex = 0; path = libPods.a; sourceTree = BUILT_PRODUCTS_DIR; };
		AE8D401D95701DD680CC4AAA /* Pods.debug.xcconfig */ = {isa = PBXFileReference; includeInIndex = 1; lastKnownFileType = text.xcconfig; name = Pods.debug.xcconfig; path = "Pods/Target Support Files/Pods/Pods.debug.xcconfig"; sourceTree = "<group>"; };
/* End PBXFileReference section */

/* Begin PBXFrameworksBuildPhase section */
		16E6D9BF1C80819A005B17EF /* Frameworks */ = {
			isa = PBXFrameworksBuildPhase;
			buildActionMask = 2147483647;
			files = (
				55A44DE62DF20C6F7A0DBF72 /* libPods.a in Frameworks */,
			);
			runOnlyForDeploymentPostprocessing = 0;
		};
		16E6D9D81C80819A005B17EF /* Frameworks */ = {
			isa = PBXFrameworksBuildPhase;
			buildActionMask = 2147483647;
			files = (
			);
			runOnlyForDeploymentPostprocessing = 0;
		};
		16E6D9E31C80819A005B17EF /* Frameworks */ = {
			isa = PBXFrameworksBuildPhase;
			buildActionMask = 2147483647;
			files = (
			);
			runOnlyForDeploymentPostprocessing = 0;
		};
/* End PBXFrameworksBuildPhase section */

/* Begin PBXGroup section */
		166464961CB59D7E001667D7 /* Emot */ = {
			isa = PBXGroup;
			children = (
				166464971CB59D7E001667D7 /* dy001.png */,
				166464981CB59D7E001667D7 /* dy002.png */,
				166464991CB59D7E001667D7 /* dy003.png */,
				1664649A1CB59D7E001667D7 /* dy004.png */,
				1664649B1CB59D7E001667D7 /* dy005.png */,
				1664649C1CB59D7E001667D7 /* dy006.png */,
				1664649D1CB59D7E001667D7 /* dy007.png */,
				1664649E1CB59D7E001667D7 /* dy008.png */,
				1664649F1CB59D7E001667D7 /* dy009.png */,
				166464A01CB59D7E001667D7 /* dy010.png */,
				166464A11CB59D7E001667D7 /* dy011.png */,
				166464A21CB59D7E001667D7 /* dy012.png */,
				166464A31CB59D7E001667D7 /* dy013.png */,
				166464A41CB59D7E001667D7 /* dy014.png */,
				166464A51CB59D7E001667D7 /* dy015.png */,
				166464A61CB59D7E001667D7 /* dy016.png */,
				166464A71CB59D7E001667D7 /* dy017.png */,
				166464A81CB59D7E001667D7 /* dy101.png */,
				166464A91CB59D7E001667D7 /* dy102.png */,
				166464AA1CB59D7E001667D7 /* dy103.png */,
				166464AB1CB59D7E001667D7 /* dy104.png */,
				166464AC1CB59D7E001667D7 /* dy105.png */,
				166464AD1CB59D7E001667D7 /* dy106.png */,
				166464AE1CB59D7E001667D7 /* dy107.png */,
				166464AF1CB59D7E001667D7 /* dy108.png */,
				166464B01CB59D7E001667D7 /* dy109.png */,
				166464B11CB59D7E001667D7 /* dy110.png */,
				166464B21CB59D7E001667D7 /* dy111.png */,
				166464B31CB59D7E001667D7 /* dy112.png */,
				166464B41CB59D7E001667D7 /* dy113.png */,
				166464B51CB59D7E001667D7 /* dy114.png */,
				166464B61CB59D7E001667D7 /* dy115.png */,
				166464B71CB59D7E001667D7 /* dy116.png */,
				166464B81CB59D7E001667D7 /* dy117.png */,
				166464B91CB59D7E001667D7 /* dy118.png */,
				166464BA1CB59D7E001667D7 /* dy119.png */,
				166464BB1CB59D7E001667D7 /* dy120.png */,
				166464BC1CB59D7E001667D7 /* dy121.png */,
				166464BD1CB59D7E001667D7 /* dy122.png */,
				166464BE1CB59D7E001667D7 /* dy123.png */,
				166464BF1CB59D7E001667D7 /* dy124.png */,
				166464C01CB59D7E001667D7 /* dy125.png */,
				166464C11CB59D7E001667D7 /* dy126.png */,
				166464C21CB59D7F001667D7 /* dy127.png */,
				166464C31CB59D7F001667D7 /* dy128.png */,
				166464C41CB59D7F001667D7 /* dy129.png */,
				166464C51CB59D7F001667D7 /* dy130.png */,
				166464C61CB59D7F001667D7 /* dy131.png */,
				166464C71CB59D7F001667D7 /* dy132.png */,
				166464C81CB59D7F001667D7 /* dy133.png */,
				166464C91CB59D7F001667D7 /* dy134.png */,
				166464CA1CB59D7F001667D7 /* dy135.png */,
				166464CB1CB59D7F001667D7 /* dy136.png */,
				166464CC1CB59D7F001667D7 /* dy137.png */,
			);
			path = Emot;
			sourceTree = "<group>";
		};
		166AB42A1CA3ED32006AC0C7 /* Home */ = {
			isa = PBXGroup;
			children = (
				16E6D9CB1C80819A005B17EF /* ViewController.h */,
				16E6D9CC1C80819A005B17EF /* ViewController.m */,
			);
			name = Home;
			sourceTree = "<group>";
		};
		16A474171C9805360020AF34 /* Common */ = {
			isa = PBXGroup;
			children = (
				16E6DA0F1C80AB9A005B17EF /* NSString+InfoGet.h */,
				16E6DA101C80AB9A005B17EF /* NSString+InfoGet.m */,
				163EE4AF1CB423290025581D /* RegexKitLite.h */,
				163EE4B01CB423290025581D /* RegexKitLite.m */,
				16A474181C9805D20020AF34 /* MyDataService.h */,
				16A474191C9805D20020AF34 /* MyDataService.m */,
			);
			name = Common;
			sourceTree = "<group>";
		};
		16CD88141C9E8652007A3557 /* Danmu */ = {
			isa = PBXGroup;
			children = (
				16CD88181C9E867A007A3557 /* Controller */,
				16CD88171C9E8672007A3557 /* View */,
				16CD88151C9E865F007A3557 /* Model */,
			);
			name = Danmu;
			sourceTree = "<group>";
		};
		16CD88151C9E865F007A3557 /* Model */ = {
			isa = PBXGroup;
			children = (
				16EDBFDB1C94556800415C8A /* DanmuModel.h */,
				16EDBFDC1C94556800415C8A /* DanmuModel.m */,
				16963DC71C9AC01500EDCBBF /* RoomDetailModel.h */,
				16963DC81C9AC01500EDCBBF /* RoomDetailModel.m */,
			);
			name = Model;
			sourceTree = "<group>";
		};
		16CD88171C9E8672007A3557 /* View */ = {
			isa = PBXGroup;
			children = (
				16EDBFDE1C94559600415C8A /* DanmuCell.h */,
				16EDBFDF1C94559600415C8A /* DanmuCell.m */,
				16A4741D1C9824B00020AF34 /* DetailView.h */,
				16A4741E1C9824B00020AF34 /* DetailView.m */,
				1681E31E1C9EDF96006EE67F /* DetailView.xib */,
				16CD88221C9EB35D007A3557 /* DanmuTableView.h */,
				16CD88231C9EB35D007A3557 /* DanmuTableView.m */,
				16CD882B1C9EB58D007A3557 /* GiftTableView.h */,
				16CD882C1C9EB58D007A3557 /* GiftTableView.m */,
				16F262B11CA14E840062890B /* SearchView.h */,
				16F262B21CA14E840062890B /* SearchView.m */,
				16F262AF1CA146570062890B /* SearchView.xib */,
			);
			name = View;
			sourceTree = "<group>";
		};
		16CD88181C9E867A007A3557 /* Controller */ = {
			isa = PBXGroup;
			children = (
				16A474201C9846980020AF34 /* DanmuViewController.h */,
				16A474211C9846980020AF34 /* DanmuViewController.m */,
			);
			name = Controller;
			sourceTree = "<group>";
		};
		16E6D9B91C80819A005B17EF = {
			isa = PBXGroup;
			children = (
				16E6D9C41C80819A005B17EF /* DouyuTVDammu */,
				16E6D9DE1C80819A005B17EF /* DouyuTVDammuTests */,
				16E6D9E91C80819A005B17EF /* DouyuTVDammuUITests */,
				16E6D9C31C80819A005B17EF /* Products */,
				8C55FC32ABC613127BF41D25 /* Pods */,
				5E2CEA7BCFBD8FA3251C45FD /* Frameworks */,
			);
			sourceTree = "<group>";
		};
		16E6D9C31C80819A005B17EF /* Products */ = {
			isa = PBXGroup;
			children = (
				16E6D9C21C80819A005B17EF /* DouyuTVDammuAssistant.app */,
				16E6D9DB1C80819A005B17EF /* DouyuTVDammuAssistant.xctest */,
				16E6D9E61C80819A005B17EF /* DouyuTVDammuAssistant.xctest */,
			);
			name = Products;
			sourceTree = "<group>";
		};
		16E6D9C41C80819A005B17EF /* DouyuTVDammu */ = {
			isa = PBXGroup;
			children = (
				16E6D9C81C80819A005B17EF /* AppDelegate.h */,
				16E6D9C91C80819A005B17EF /* AppDelegate.m */,
				16E6D9F81C8084AD005B17EF /* Socket */,
				16A474171C9805360020AF34 /* Common */,
				166AB42A1CA3ED32006AC0C7 /* Home */,
				16CD88141C9E8652007A3557 /* Danmu */,
				16E6D9CE1C80819A005B17EF /* Main.storyboard */,
				16E6D9D31C80819A005B17EF /* LaunchScreen.storyboard */,
				166464941CB59C9B001667D7 /* Assets.xcassets */,
				166464961CB59D7E001667D7 /* Emot */,
				16E6D9D61C80819A005B17EF /* Info.plist */,
				16E6D9C51C80819A005B17EF /* Supporting Files */,
			);
			path = DouyuTVDammu;
			sourceTree = "<group>";
		};
		16E6D9C51C80819A005B17EF /* Supporting Files */ = {
			isa = PBXGroup;
			children = (
				16E6D9C61C80819A005B17EF /* main.m */,
				167E51791CA31F4A00F478A0 /* PrefixHeader.pch */,
			);
			name = "Supporting Files";
			sourceTree = "<group>";
		};
		16E6D9DE1C80819A005B17EF /* DouyuTVDammuTests */ = {
			isa = PBXGroup;
			children = (
				16E6D9DF1C80819A005B17EF /* DouyuTVDammuTests.m */,
				16E6D9E11C80819A005B17EF /* Info.plist */,
			);
			path = DouyuTVDammuTests;
			sourceTree = "<group>";
		};
		16E6D9E91C80819A005B17EF /* DouyuTVDammuUITests */ = {
			isa = PBXGroup;
			children = (
				16E6D9EA1C80819A005B17EF /* DouyuTVDammuUITests.m */,
				16E6D9EC1C80819A005B17EF /* Info.plist */,
			);
			path = DouyuTVDammuUITests;
			sourceTree = "<group>";
		};
		16E6D9F81C8084AD005B17EF /* Socket */ = {
			isa = PBXGroup;
			children = (
				16E6DA001C808639005B17EF /* DouyuTVSocket.h */,
				16E6DA011C808639005B17EF /* DouyuTVSocket.m */,
				16D91FCB1C86DF3600EDBA02 /* AuthSocket.h */,
				16D91FCC1C86DF3600EDBA02 /* AuthSocket.m */,
				16D91FCE1C87544000EDBA02 /* DanmuSocket.h */,
				16D91FCF1C87544000EDBA02 /* DanmuSocket.m */,
				16E6DA031C808AD1005B17EF /* ServerModel.h */,
				16E6DA041C808AD1005B17EF /* ServerModel.m */,
			);
			name = Socket;
			sourceTree = "<group>";
		};
		5E2CEA7BCFBD8FA3251C45FD /* Frameworks */ = {
			isa = PBXGroup;
			children = (
				91A491E04D65F23FF5072CB8 /* libPods.a */,
			);
			name = Frameworks;
			sourceTree = "<group>";
		};
		8C55FC32ABC613127BF41D25 /* Pods */ = {
			isa = PBXGroup;
			children = (
				AE8D401D95701DD680CC4AAA /* Pods.debug.xcconfig */,
				9194F94CAD65F2E5A3419EDF /* Pods.release.xcconfig */,
			);
			name = Pods;
			sourceTree = "<group>";
		};
/* End PBXGroup section */

/* Begin PBXNativeTarget section */
		16E6D9C11C80819A005B17EF /* DouyuTVDammuAssistant */ = {
			isa = PBXNativeTarget;
			buildConfigurationList = 16E6D9EF1C80819A005B17EF /* Build configuration list for PBXNativeTarget "DouyuTVDammuAssistant" */;
			buildPhases = (
				E7938162759868CD0F7F7D79 /* Check Pods Manifest.lock */,
				16E6D9BE1C80819A005B17EF /* Sources */,
				16E6D9BF1C80819A005B17EF /* Frameworks */,
				16E6D9C01C80819A005B17EF /* Resources */,
				D5B87FC9E6DDB3D6BE41A121 /* Embed Pods Frameworks */,
				5525C276E6F28FF1CB34961A /* Copy Pods Resources */,
			);
			buildRules = (
			);
			dependencies = (
			);
			name = DouyuTVDammuAssistant;
			productName = DouyuTVDammu;
			productReference = 16E6D9C21C80819A005B17EF /* DouyuTVDammuAssistant.app */;
			productType = "com.apple.product-type.application";
		};
		16E6D9DA1C80819A005B17EF /* DouyuTVDammuAssistantTests */ = {
			isa = PBXNativeTarget;
			buildConfigurationList = 16E6D9F21C80819A005B17EF /* Build configuration list for PBXNativeTarget "DouyuTVDammuAssistantTests" */;
			buildPhases = (
				16E6D9D71C80819A005B17EF /* Sources */,
				16E6D9D81C80819A005B17EF /* Frameworks */,
				16E6D9D91C80819A005B17EF /* Resources */,
			);
			buildRules = (
			);
			dependencies = (
				16E6D9DD1C80819A005B17EF /* PBXTargetDependency */,
			);
			name = DouyuTVDammuAssistantTests;
			productName = DouyuTVDammuTests;
			productReference = 16E6D9DB1C80819A005B17EF /* DouyuTVDammuAssistant.xctest */;
			productType = "com.apple.product-type.bundle.unit-test";
		};
		16E6D9E51C80819A005B17EF /* DouyuTVDammuAssistantUITests */ = {
			isa = PBXNativeTarget;
			buildConfigurationList = 16E6D9F51C80819A005B17EF /* Build configuration list for PBXNativeTarget "DouyuTVDammuAssistantUITests" */;
			buildPhases = (
				16E6D9E21C80819A005B17EF /* Sources */,
				16E6D9E31C80819A005B17EF /* Frameworks */,
				16E6D9E41C80819A005B17EF /* Resources */,
			);
			buildRules = (
			);
			dependencies = (
				16E6D9E81C80819A005B17EF /* PBXTargetDependency */,
			);
			name = DouyuTVDammuAssistantUITests;
			productName = DouyuTVDammuUITests;
			productReference = 16E6D9E61C80819A005B17EF /* DouyuTVDammuAssistant.xctest */;
			productType = "com.apple.product-type.bundle.ui-testing";
		};
/* End PBXNativeTarget section */

/* Begin PBXProject section */
		16E6D9BA1C80819A005B17EF /* Project object */ = {
			isa = PBXProject;
			attributes = {
				LastUpgradeCheck = 0720;
				ORGANIZATIONNAME = "Bad Chen";
				TargetAttributes = {
					16E6D9C11C80819A005B17EF = {
						CreatedOnToolsVersion = 7.2.1;
						DevelopmentTeam = 88VZD6R734;
					};
					16E6D9DA1C80819A005B17EF = {
						CreatedOnToolsVersion = 7.2.1;
						DevelopmentTeam = D7GEABXRGX;
						TestTargetID = 16E6D9C11C80819A005B17EF;
					};
					16E6D9E51C80819A005B17EF = {
						CreatedOnToolsVersion = 7.2.1;
						DevelopmentTeam = D7GEABXRGX;
						TestTargetID = 16E6D9C11C80819A005B17EF;
					};
				};
			};
			buildConfigurationList = 16E6D9BD1C80819A005B17EF /* Build configuration list for PBXProject "DouyuTVDammuAssistant" */;
			compatibilityVersion = "Xcode 3.2";
			developmentRegion = English;
			hasScannedForEncodings = 0;
			knownRegions = (
				en,
				Base,
			);
			mainGroup = 16E6D9B91C80819A005B17EF;
			productRefGroup = 16E6D9C31C80819A005B17EF /* Products */;
			projectDirPath = "";
			projectRoot = "";
			targets = (
				16E6D9C11C80819A005B17EF /* DouyuTVDammuAssistant */,
				16E6D9DA1C80819A005B17EF /* DouyuTVDammuAssistantTests */,
				16E6D9E51C80819A005B17EF /* DouyuTVDammuAssistantUITests */,
			);
		};
/* End PBXProject section */

/* Begin PBXResourcesBuildPhase section */
		16E6D9C01C80819A005B17EF /* Resources */ = {
			isa = PBXResourcesBuildPhase;
			buildActionMask = 2147483647;
			files = (
				16E6D9D51C80819A005B17EF /* LaunchScreen.storyboard in Resources */,
				166465011CB59D7F001667D7 /* dy136.png in Resources */,
				166464FF1CB59D7F001667D7 /* dy134.png in Resources */,
				166464DE1CB59D7F001667D7 /* dy101.png in Resources */,
				166464E11CB59D7F001667D7 /* dy104.png in Resources */,
				166464E91CB59D7F001667D7 /* dy112.png in Resources */,
				166464FA1CB59D7F001667D7 /* dy129.png in Resources */,
				166464DD1CB59D7F001667D7 /* dy017.png in Resources */,
				166465001CB59D7F001667D7 /* dy135.png in Resources */,
				166464D61CB59D7F001667D7 /* dy010.png in Resources */,
				166464DF1CB59D7F001667D7 /* dy102.png in Resources */,
				166464ED1CB59D7F001667D7 /* dy116.png in Resources */,
				166464EB1CB59D7F001667D7 /* dy114.png in Resources */,
				166464E01CB59D7F001667D7 /* dy103.png in Resources */,
				16F262B01CA146570062890B /* SearchView.xib in Resources */,
				1681E31F1C9EDF96006EE67F /* DetailView.xib in Resources */,
				166464F61CB59D7F001667D7 /* dy125.png in Resources */,
				16E6D9D01C80819A005B17EF /* Main.storyboard in Resources */,
				166464E51CB59D7F001667D7 /* dy108.png in Resources */,
				166464FC1CB59D7F001667D7 /* dy131.png in Resources */,
				166464E71CB59D7F001667D7 /* dy110.png in Resources */,
				166464D31CB59D7F001667D7 /* dy007.png in Resources */,
				166464CF1CB59D7F001667D7 /* dy003.png in Resources */,
				166464DA1CB59D7F001667D7 /* dy014.png in Resources */,
				166464F81CB59D7F001667D7 /* dy127.png in Resources */,
				166464E61CB59D7F001667D7 /* dy109.png in Resources */,
				166464E81CB59D7F001667D7 /* dy111.png in Resources */,
				166464F51CB59D7F001667D7 /* dy124.png in Resources */,
				166464D91CB59D7F001667D7 /* dy013.png in Resources */,
				166464D51CB59D7F001667D7 /* dy009.png in Resources */,
				166464CD1CB59D7F001667D7 /* dy001.png in Resources */,
				166464E21CB59D7F001667D7 /* dy105.png in Resources */,
				166464DB1CB59D7F001667D7 /* dy015.png in Resources */,
				166464F41CB59D7F001667D7 /* dy123.png in Resources */,
				166464F21CB59D7F001667D7 /* dy121.png in Resources */,
				166464F91CB59D7F001667D7 /* dy128.png in Resources */,
				166464D11CB59D7F001667D7 /* dy005.png in Resources */,
				166464FB1CB59D7F001667D7 /* dy130.png in Resources */,
				166464FE1CB59D7F001667D7 /* dy133.png in Resources */,
				166464D81CB59D7F001667D7 /* dy012.png in Resources */,
				166464E31CB59D7F001667D7 /* dy106.png in Resources */,
				166464D41CB59D7F001667D7 /* dy008.png in Resources */,
				166464F01CB59D7F001667D7 /* dy119.png in Resources */,
				166464F71CB59D7F001667D7 /* dy126.png in Resources */,
				166464D71CB59D7F001667D7 /* dy011.png in Resources */,
				166464E41CB59D7F001667D7 /* dy107.png in Resources */,
				166464DC1CB59D7F001667D7 /* dy016.png in Resources */,
				166464FD1CB59D7F001667D7 /* dy132.png in Resources */,
				166464EA1CB59D7F001667D7 /* dy113.png in Resources */,
				166464951CB59C9B001667D7 /* Assets.xcassets in Resources */,
				166464EE1CB59D7F001667D7 /* dy117.png in Resources */,
				166464EF1CB59D7F001667D7 /* dy118.png in Resources */,
				166465021CB59D7F001667D7 /* dy137.png in Resources */,
				166464D21CB59D7F001667D7 /* dy006.png in Resources */,
				166464D01CB59D7F001667D7 /* dy004.png in Resources */,
				166464CE1CB59D7F001667D7 /* dy002.png in Resources */,
				166464F11CB59D7F001667D7 /* dy120.png in Resources */,
				166464F31CB59D7F001667D7 /* dy122.png in Resources */,
				166464EC1CB59D7F001667D7 /* dy115.png in Resources */,
			);
			runOnlyForDeploymentPostprocessing = 0;
		};
		16E6D9D91C80819A005B17EF /* Resources */ = {
			isa = PBXResourcesBuildPhase;
			buildActionMask = 2147483647;
			files = (
			);
			runOnlyForDeploymentPostprocessing = 0;
		};
		16E6D9E41C80819A005B17EF /* Resources */ = {
			isa = PBXResourcesBuildPhase;
			buildActionMask = 2147483647;
			files = (
			);
			runOnlyForDeploymentPostprocessing = 0;
		};
/* End PBXResourcesBuildPhase section */

/* Begin PBXShellScriptBuildPhase section */
		5525C276E6F28FF1CB34961A /* Copy Pods Resources */ = {
			isa = PBXShellScriptBuildPhase;
			buildActionMask = 2147483647;
			files = (
			);
			inputPaths = (
			);
			name = "Copy Pods Resources";
			outputPaths = (
			);
			runOnlyForDeploymentPostprocessing = 0;
			shellPath = /bin/sh;
			shellScript = "\"${SRCROOT}/Pods/Target Support Files/Pods/Pods-resources.sh\"\n";
			showEnvVarsInLog = 0;
		};
		D5B87FC9E6DDB3D6BE41A121 /* Embed Pods Frameworks */ = {
			isa = PBXShellScriptBuildPhase;
			buildActionMask = 2147483647;
			files = (
			);
			inputPaths = (
			);
			name = "Embed Pods Frameworks";
			outputPaths = (
			);
			runOnlyForDeploymentPostprocessing = 0;
			shellPath = /bin/sh;
			shellScript = "\"${SRCROOT}/Pods/Target Support Files/Pods/Pods-frameworks.sh\"\n";
			showEnvVarsInLog = 0;
		};
		E7938162759868CD0F7F7D79 /* Check Pods Manifest.lock */ = {
			isa = PBXShellScriptBuildPhase;
			buildActionMask = 2147483647;
			files = (
			);
			inputPaths = (
			);
			name = "Check Pods Manifest.lock";
			outputPaths = (
			);
			runOnlyForDeploymentPostprocessing = 0;
			shellPath = /bin/sh;
			shellScript = "diff \"${PODS_ROOT}/../Podfile.lock\" \"${PODS_ROOT}/Manifest.lock\" > /dev/null\nif [[ $? != 0 ]] ; then\n    cat << EOM\nerror: The sandbox is not in sync with the Podfile.lock. Run 'pod install' or update your CocoaPods installation.\nEOM\n    exit 1\nfi\n";
			showEnvVarsInLog = 0;
		};
/* End PBXShellScriptBuildPhase section */

/* Begin PBXSourcesBuildPhase section */
		16E6D9BE1C80819A005B17EF /* Sources */ = {
			isa = PBXSourcesBuildPhase;
			buildActionMask = 2147483647;
			files = (
				163EE4B11CB423290025581D /* RegexKitLite.m in Sources */,
				16CD88241C9EB35D007A3557 /* DanmuTableView.m in Sources */,
				16E6DA111C80AB9A005B17EF /* NSString+InfoGet.m in Sources */,
				16EDBFE01C94559600415C8A /* DanmuCell.m in Sources */,
				16E6DA051C808AD1005B17EF /* ServerModel.m in Sources */,
				16F262B31CA14E840062890B /* SearchView.m in Sources */,
				16A4741A1C9805D20020AF34 /* MyDataService.m in Sources */,
				16E6D9CD1C80819A005B17EF /* ViewController.m in Sources */,
				16D91FCD1C86DF3600EDBA02 /* AuthSocket.m in Sources */,
				16CD882D1C9EB58D007A3557 /* GiftTableView.m in Sources */,
				16E6D9CA1C80819A005B17EF /* AppDelegate.m in Sources */,
				16E6D9C71C80819A005B17EF /* main.m in Sources */,
				16D91FD01C87544000EDBA02 /* DanmuSocket.m in Sources */,
				16963DC91C9AC01500EDCBBF /* RoomDetailModel.m in Sources */,
				16A474221C9846980020AF34 /* DanmuViewController.m in Sources */,
				16E6DA021C808639005B17EF /* DouyuTVSocket.m in Sources */,
				16A4741F1C9824B00020AF34 /* DetailView.m in Sources */,
				16EDBFDD1C94556800415C8A /* DanmuModel.m in Sources */,
			);
			runOnlyForDeploymentPostprocessing = 0;
		};
		16E6D9D71C80819A005B17EF /* Sources */ = {
			isa = PBXSourcesBuildPhase;
			buildActionMask = 2147483647;
			files = (
				16E6D9E01C80819A005B17EF /* DouyuTVDammuTests.m in Sources */,
			);
			runOnlyForDeploymentPostprocessing = 0;
		};
		16E6D9E21C80819A005B17EF /* Sources */ = {
			isa = PBXSourcesBuildPhase;
			buildActionMask = 2147483647;
			files = (
				16E6D9EB1C80819A005B17EF /* DouyuTVDammuUITests.m in Sources */,
			);
			runOnlyForDeploymentPostprocessing = 0;
		};
/* End PBXSourcesBuildPhase section */

/* Begin PBXTargetDependency section */
		16E6D9DD1C80819A005B17EF /* PBXTargetDependency */ = {
			isa = PBXTargetDependency;
			target = 16E6D9C11C80819A005B17EF /* DouyuTVDammuAssistant */;
			targetProxy = 16E6D9DC1C80819A005B17EF /* PBXContainerItemProxy */;
		};
		16E6D9E81C80819A005B17EF /* PBXTargetDependency */ = {
			isa = PBXTargetDependency;
			target = 16E6D9C11C80819A005B17EF /* DouyuTVDammuAssistant */;
			targetProxy = 16E6D9E71C80819A005B17EF /* PBXContainerItemProxy */;
		};
/* End PBXTargetDependency section */

/* Begin PBXVariantGroup section */
		16E6D9CE1C80819A005B17EF /* Main.storyboard */ = {
			isa = PBXVariantGroup;
			children = (
				16E6D9CF1C80819A005B17EF /* Base */,
			);
			name = Main.storyboard;
			sourceTree = "<group>";
		};
		16E6D9D31C80819A005B17EF /* LaunchScreen.storyboard */ = {
			isa = PBXVariantGroup;
			children = (
				16E6D9D41C80819A005B17EF /* Base */,
			);
			name = LaunchScreen.storyboard;
			sourceTree = "<group>";
		};
/* End PBXVariantGroup section */

/* Begin XCBuildConfiguration section */
		16E6D9ED1C80819A005B17EF /* Debug */ = {
			isa = XCBuildConfiguration;
			buildSettings = {
				ALWAYS_SEARCH_USER_PATHS = NO;
				CLANG_CXX_LANGUAGE_STANDARD = "gnu++0x";
				CLANG_CXX_LIBRARY = "libc++";
				CLANG_ENABLE_MODULES = YES;
				CLANG_ENABLE_OBJC_ARC = YES;
				CLANG_WARN_BOOL_CONVERSION = YES;
				CLANG_WARN_CONSTANT_CONVERSION = YES;
				CLANG_WARN_DIRECT_OBJC_ISA_USAGE = YES_ERROR;
				CLANG_WARN_EMPTY_BODY = YES;
				CLANG_WARN_ENUM_CONVERSION = YES;
				CLANG_WARN_INT_CONVERSION = YES;
				CLANG_WARN_OBJC_ROOT_CLASS = YES_ERROR;
				CLANG_WARN_UNREACHABLE_CODE = YES;
				CLANG_WARN__DUPLICATE_METHOD_MATCH = YES;
				"CODE_SIGN_IDENTITY[sdk=iphoneos*]" = "iPhone Developer";
				COPY_PHASE_STRIP = NO;
				DEBUG_INFORMATION_FORMAT = dwarf;
				ENABLE_STRICT_OBJC_MSGSEND = YES;
				ENABLE_TESTABILITY = YES;
				GCC_C_LANGUAGE_STANDARD = gnu99;
				GCC_DYNAMIC_NO_PIC = NO;
				GCC_NO_COMMON_BLOCKS = YES;
				GCC_OPTIMIZATION_LEVEL = 0;
				GCC_PREPROCESSOR_DEFINITIONS = (
					"DEBUG=1",
					"$(inherited)",
				);
				GCC_WARN_64_TO_32_BIT_CONVERSION = YES;
				GCC_WARN_ABOUT_RETURN_TYPE = YES_ERROR;
				GCC_WARN_UNDECLARED_SELECTOR = YES;
				GCC_WARN_UNINITIALIZED_AUTOS = YES_AGGRESSIVE;
				GCC_WARN_UNUSED_FUNCTION = YES;
				GCC_WARN_UNUSED_VARIABLE = YES;
				IPHONEOS_DEPLOYMENT_TARGET = 9.2;
				MTL_ENABLE_DEBUG_INFO = YES;
				ONLY_ACTIVE_ARCH = YES;
				OTHER_LDFLAGS = "";
				SDKROOT = iphoneos;
			};
			name = Debug;
		};
		16E6D9EE1C80819A005B17EF /* Release */ = {
			isa = XCBuildConfiguration;
			buildSettings = {
				ALWAYS_SEARCH_USER_PATHS = NO;
				CLANG_CXX_LANGUAGE_STANDARD = "gnu++0x";
				CLANG_CXX_LIBRARY = "libc++";
				CLANG_ENABLE_MODULES = YES;
				CLANG_ENABLE_OBJC_ARC = YES;
				CLANG_WARN_BOOL_CONVERSION = YES;
				CLANG_WARN_CONSTANT_CONVERSION = YES;
				CLANG_WARN_DIRECT_OBJC_ISA_USAGE = YES_ERROR;
				CLANG_WARN_EMPTY_BODY = YES;
				CLANG_WARN_ENUM_CONVERSION = YES;
				CLANG_WARN_INT_CONVERSION = YES;
				CLANG_WARN_OBJC_ROOT_CLASS = YES_ERROR;
				CLANG_WARN_UNREACHABLE_CODE = YES;
				CLANG_WARN__DUPLICATE_METHOD_MATCH = YES;
				"CODE_SIGN_IDENTITY[sdk=iphoneos*]" = "iPhone Developer";
				COPY_PHASE_STRIP = NO;
				DEBUG_INFORMATION_FORMAT = "dwarf-with-dsym";
				ENABLE_NS_ASSERTIONS = NO;
				ENABLE_STRICT_OBJC_MSGSEND = YES;
				GCC_C_LANGUAGE_STANDARD = gnu99;
				GCC_NO_COMMON_BLOCKS = YES;
				GCC_WARN_64_TO_32_BIT_CONVERSION = YES;
				GCC_WARN_ABOUT_RETURN_TYPE = YES_ERROR;
				GCC_WARN_UNDECLARED_SELECTOR = YES;
				GCC_WARN_UNINITIALIZED_AUTOS = YES_AGGRESSIVE;
				GCC_WARN_UNUSED_FUNCTION = YES;
				GCC_WARN_UNUSED_VARIABLE = YES;
				IPHONEOS_DEPLOYMENT_TARGET = 9.2;
				MTL_ENABLE_DEBUG_INFO = NO;
				OTHER_LDFLAGS = "";
				SDKROOT = iphoneos;
				VALIDATE_PRODUCT = YES;
			};
			name = Release;
		};
		16E6D9F01C80819A005B17EF /* Debug */ = {
			isa = XCBuildConfiguration;
			baseConfigurationReference = AE8D401D95701DD680CC4AAA /* Pods.debug.xcconfig */;
			buildSettings = {
				ASSETCATALOG_COMPILER_APPICON_NAME = AppIcon;
				CODE_SIGN_IDENTITY = "iPhone Developer";
				"CODE_SIGN_IDENTITY[sdk=iphoneos*]" = "iPhone Developer";
				INFOPLIST_FILE = DouyuTVDammu/Info.plist;
				LD_RUNPATH_SEARCH_PATHS = "$(inherited) @executable_path/Frameworks";
				OTHER_LDFLAGS = (
					"$(inherited)",
					"-ObjC",
					"-l\"AFNetworking\"",
					"-l\"CocoaAsyncSocket\"",
					"-l\"HMSegmentedControl\"",
					"-l\"TYAttributedLabel\"",
					"-framework",
					"\"CFNetwork\"",
					"-framework",
					"\"CoreGraphics\"",
					"-framework",
					"\"MobileCoreServices\"",
					"-framework",
					"\"QuartzCore\"",
					"-framework",
					"\"Security\"",
					"-framework",
					"\"SystemConfiguration\"",
					"-licucore",
				);
				PRODUCT_BUNDLE_IDENTIFIER = com.imbad.DouyuTVDammuAssistant;
				PRODUCT_NAME = DouyuTVDammuAssistant;
				TARGETED_DEVICE_FAMILY = 1;
			};
			name = Debug;
		};
		16E6D9F11C80819A005B17EF /* Release */ = {
			isa = XCBuildConfiguration;
			baseConfigurationReference = 9194F94CAD65F2E5A3419EDF /* Pods.release.xcconfig */;
			buildSettings = {
				ASSETCATALOG_COMPILER_APPICON_NAME = AppIcon;
				CODE_SIGN_IDENTITY = "iPhone Distribution";
				"CODE_SIGN_IDENTITY[sdk=iphoneos*]" = "iPhone Distribution";
				INFOPLIST_FILE = DouyuTVDammu/Info.plist;
				LD_RUNPATH_SEARCH_PATHS = "$(inherited) @executable_path/Frameworks";
				OTHER_LDFLAGS = (
					"$(inherited)",
					"-ObjC",
					"-l\"AFNetworking\"",
					"-l\"CocoaAsyncSocket\"",
					"-l\"HMSegmentedControl\"",
					"-l\"TYAttributedLabel\"",
					"-framework",
					"\"CFNetwork\"",
					"-framework",
					"\"CoreGraphics\"",
					"-framework",
					"\"MobileCoreServices\"",
					"-framework",
					"\"QuartzCore\"",
					"-framework",
					"\"Security\"",
					"-framework",
					"\"SystemConfiguration\"",
					"-licucore",
				);
				PRODUCT_BUNDLE_IDENTIFIER = com.imbad.DouyuTVDammuAssistant;
				PRODUCT_NAME = DouyuTVDammuAssistant;
				TARGETED_DEVICE_FAMILY = 1;
			};
			name = Release;
		};
		16E6D9F31C80819A005B17EF /* Debug */ = {
			isa = XCBuildConfiguration;
			buildSettings = {
				BUNDLE_LOADER = "$(TEST_HOST)";
				INFOPLIST_FILE = DouyuTVDammuTests/Info.plist;
				LD_RUNPATH_SEARCH_PATHS = "$(inherited) @executable_path/Frameworks @loader_path/Frameworks";
				PRODUCT_BUNDLE_IDENTIFIER = "R-A.DouyuTVDammuTests";
				PRODUCT_NAME = DouyuTVDammuAssistant;
				TEST_HOST = "$(BUILT_PRODUCTS_DIR)/DouyuTVDammuAssistant.app/DouyuTVDammuAssistant";
			};
			name = Debug;
		};
		16E6D9F41C80819A005B17EF /* Release */ = {
			isa = XCBuildConfiguration;
			buildSettings = {
				BUNDLE_LOADER = "$(TEST_HOST)";
				INFOPLIST_FILE = DouyuTVDammuTests/Info.plist;
				LD_RUNPATH_SEARCH_PATHS = "$(inherited) @executable_path/Frameworks @loader_path/Frameworks";
				PRODUCT_BUNDLE_IDENTIFIER = "R-A.DouyuTVDammuTests";
				PRODUCT_NAME = DouyuTVDammuAssistant;
				TEST_HOST = "$(BUILT_PRODUCTS_DIR)/DouyuTVDammuAssistant.app/DouyuTVDammuAssistant";
			};
			name = Release;
		};
		16E6D9F61C80819A005B17EF /* Debug */ = {
			isa = XCBuildConfiguration;
			buildSettings = {
				INFOPLIST_FILE = DouyuTVDammuUITests/Info.plist;
				LD_RUNPATH_SEARCH_PATHS = "$(inherited) @executable_path/Frameworks @loader_path/Frameworks";
				PRODUCT_BUNDLE_IDENTIFIER = "R-A.DouyuTVDammuUITests";
				PRODUCT_NAME = DouyuTVDammuAssistant;
				TEST_TARGET_NAME = DouyuTVDammu;
				USES_XCTRUNNER = YES;
			};
			name = Debug;
		};
		16E6D9F71C80819A005B17EF /* Release */ = {
			isa = XCBuildConfiguration;
			buildSettings = {
				INFOPLIST_FILE = DouyuTVDammuUITests/Info.plist;
				LD_RUNPATH_SEARCH_PATHS = "$(inherited) @executable_path/Frameworks @loader_path/Frameworks";
				PRODUCT_BUNDLE_IDENTIFIER = "R-A.DouyuTVDammuUITests";
				PRODUCT_NAME = DouyuTVDammuAssistant;
				TEST_TARGET_NAME = DouyuTVDammu;
				USES_XCTRUNNER = YES;
			};
			name = Release;
		};
/* End XCBuildConfiguration section */

/* Begin XCConfigurationList section */
		16E6D9BD1C80819A005B17EF /* Build configuration list for PBXProject "DouyuTVDammuAssistant" */ = {
			isa = XCConfigurationList;
			buildConfigurations = (
				16E6D9ED1C80819A005B17EF /* Debug */,
				16E6D9EE1C80819A005B17EF /* Release */,
			);
			defaultConfigurationIsVisible = 0;
			defaultConfigurationName = Release;
		};
		16E6D9EF1C80819A005B17EF /* Build configuration list for PBXNativeTarget "DouyuTVDammuAssistant" */ = {
			isa = XCConfigurationList;
			buildConfigurations = (
				16E6D9F01C80819A005B17EF /* Debug */,
				16E6D9F11C80819A005B17EF /* Release */,
			);
			defaultConfigurationIsVisible = 0;
			defaultConfigurationName = Release;
		};
		16E6D9F21C80819A005B17EF /* Build configuration list for PBXNativeTarget "DouyuTVDammuAssistantTests" */ = {
			isa = XCConfigurationList;
			buildConfigurations = (
				16E6D9F31C80819A005B17EF /* Debug */,
				16E6D9F41C80819A005B17EF /* Release */,
			);
			defaultConfigurationIsVisible = 0;
			defaultConfigurationName = Release;
		};
		16E6D9F51C80819A005B17EF /* Build configuration list for PBXNativeTarget "DouyuTVDammuAssistantUITests" */ = {
			isa = XCConfigurationList;
			buildConfigurations = (
				16E6D9F61C80819A005B17EF /* Debug */,
				16E6D9F71C80819A005B17EF /* Release */,
			);
			defaultConfigurationIsVisible = 0;
			defaultConfigurationName = Release;
		};
/* End XCConfigurationList section */
	};
	rootObject = 16E6D9BA1C80819A005B17EF /* Project object */;
}
